<?xml version="1.0" encoding="utf-8"?>
<Project ToolsVersion="4.0" xmlns="http://schemas.microsoft.com/developer/msbuild/2003">
  <ItemGroup>
    <Filter Include="Source Files">
      <Extensions>cpp;c;cc;cxx;def;odl;idl;hpj;bat;asm;asmx</Extensions>
    </Filter>
    <Filter Include="Header Files">
      <Extensions>h;hh;hpp;hxx;hm;inl;inc;xsd</Extensions>
    </Filter>
    <Filter Include="Resource Files">
      <Extensions>rc;ico;cur;bmp;dlg;rc2;rct;bin;rgs;gif;jpg;jpeg;jpe;resx;tiff;tif;png;wav;mfcribbon-ms</Extensions>
    </Filter>
    <Filter Include="SDK">
    </Filter>
  </ItemGroup>
  <ItemGroup>
    <ClInclude Include="dependencies\scripthook\enums.h">
      <Filter>Header Files</Filter>
    </ClInclude>
    <ClInclude Include="dependencies\scripthook\main.h">
      <Filter>Header Files</Filter>
    </ClInclude>
    <ClInclude Include="dependencies\scripthook\nativeCaller.h">
      <Filter>Header Files</Filter>
    </ClInclude>
    <ClInclude Include="dependencies\scripthook\natives.h">
      <Filter>Header Files</Filter>
    </ClInclude>
    <ClInclude Include="dependencies\scripthook\types.h">
      <Filter>Header Files</Filter>
    </ClInclude>
  </ItemGroup>
  <ItemGroup>
    <ClCompile Include="src/pyhookv.cpp">
      <Filter>Source Files</Filter>
    </ClCompile>
    <ClCompile Include="src/enums.cpp">
      <Filter>Source Files</Filter>
    </ClCompile>
    <ClCompile Include="src/natives.cpp">
      <Filter>Source Files</Filter>
    </ClCompile>
    <ClCompile Include="src/custom.cpp">
      <Filter>Source Files</Filter>
    </ClCompile>
  </ItemGroup>
</Project>